<?xml version="1.0" encoding="utf-8"?>
<Project ToolsVersion="4.0" xmlns="http://schemas.microsoft.com/developer/msbuild/2003">
  <ItemGroup>
    <Filter Include="Source Files">
      <UniqueIdentifier>{4FC737F1-C7A5-4376-A066-2A32D752A2FF}</UniqueIdentifier>
      <Extensions>cpp;c;cc;cxx;def;odl;idl;hpj;bat;asm;asmx</Extensions>
    </Filter>
    <Filter Include="Header Files">
      <UniqueIdentifier>{93995380-89BD-4b04-88EB-625FBE52EBFB}</UniqueIdentifier>
      <Extensions>h;hh;hpp;hxx;hm;inl;inc;xsd</Extensions>
    </Filter>
    <Filter Include="Resource Files">
      <UniqueIdentifier>{67DA6AB6-F800-4c08-8B7A-83BB121AAD01}</UniqueIdentifier>
      <Extensions>rc;ico;cur;bmp;dlg;rc2;rct;bin;rgs;gif;jpg;jpeg;jpe;resx;tiff;tif;png;wav</Extensions>
    </Filter>
    <Filter Include="Source Files\Library">
      <UniqueIdentifier>{15142f4b-55b5-49f6-b8b0-0c04e37de071}</UniqueIdentifier>
    </Filter>
    <Filter Include="Source Files\Program">
      <UniqueIdentifier>{1a821b22-877f-495c-a3e6-27a28a6198ec}</UniqueIdentifier>
    </Filter>
    <Filter Include="Source Files\shader">
      <UniqueIdentifier>{d4ee74fb-af04-436c-a61e-cff393e96a1e}</UniqueIdentifier>
    </Filter>
  </ItemGroup>
  <ItemGroup>
    <ClCompile Include="library\VectorHelper.cpp">
      <Filter>Source Files\Library</Filter>
    </ClCompile>
    <ClCompile Include="library\utility\Window.cpp">
      <Filter>Source Files\Library</Filter>
    </ClCompile>
    <ClCompile Include="main.cpp">
      <Filter>Source Files\Program</Filter>
    </ClCompile>
    <ClCompile Include="DrawableSceneComponent.cpp">
      <Filter>Source Files\Library</Filter>
    </ClCompile>
    <ClCompile Include="GLObject.cpp">
      <Filter>Source Files\Library</Filter>
    </ClCompile>
    <ClCompile Include="library\Scene.cpp">
      <Filter>Source Files\Library</Filter>
    </ClCompile>
    <ClCompile Include="Shader.cpp">
      <Filter>Source Files\Library</Filter>
    </ClCompile>
    <ClCompile Include="ShaderProgram.cpp">
      <Filter>Source Files\Library</Filter>
    </ClCompile>
    <ClCompile Include="triangle.cpp">
      <Filter>Source Files\Library</Filter>
    </ClCompile>
    <ClCompile Include="VAO.cpp">
      <Filter>Source Files\Library</Filter>
    </ClCompile>
    <ClCompile Include="library\VBO.cpp">
      <Filter>Source Files\Library</Filter>
    </ClCompile>
    <ClCompile Include="GLSLuniform.cpp">
      <Filter>Source Files\Library</Filter>
    </ClCompile>
    <ClCompile Include="Texture.cpp">
      <Filter>Source Files\Library</Filter>
    </ClCompile>
    <ClCompile Include="FrameBuffer.cpp">
      <Filter>Source Files\Library</Filter>
    </ClCompile>
    <ClCompile Include="Library\ColorHelper.cpp">
      <Filter>Source Files\Library</Filter>
    </ClCompile>
    <ClCompile Include="Library\Model.cpp">
      <Filter>Source Files\Library</Filter>
    </ClCompile>
    <ClCompile Include="Library\ModelMaterial.cpp">
      <Filter>Source Files\Library</Filter>
    </ClCompile>
    <ClCompile Include="Library\Utility.cpp">
      <Filter>Source Files\Library</Filter>
    </ClCompile>
    <ClCompile Include="Library\Mesh.cpp">
      <Filter>Source Files\Library</Filter>
    </ClCompile>
    <ClCompile Include="IBO.cpp">
      <Filter>Source Files\Library</Filter>
    </ClCompile>
    <ClCompile Include="GLMHelper.cpp">
      <Filter>Source Files\Library</Filter>
    </ClCompile>
    <ClCompile Include="Library\Material.cpp">
      <Filter>Source Files\Library</Filter>
    </ClCompile>
    <ClCompile Include="Library\Variable.cpp">
      <Filter>Source Files\Library</Filter>
    </ClCompile>
    <ClCompile Include="Library\ShadePass.cpp">
      <Filter>Source Files\Library</Filter>
    </ClCompile>
    <ClCompile Include="Library\SceneModel.cpp">
      <Filter>Source Files\Library</Filter>
    </ClCompile>
    <ClCompile Include="Item.cpp">
      <Filter>Source Files\Library</Filter>
    </ClCompile>
    <ClCompile Include="TexturePack.cpp">
      <Filter>Source Files\Library</Filter>
    </ClCompile>
    <ClCompile Include="Library\Camera.cpp">
      <Filter>Source Files\Library</Filter>
    </ClCompile>
    <ClCompile Include="RenderTexture.cpp">
      <Filter>Source Files\Library</Filter>
    </ClCompile>
    <ClCompile Include="MSAAShader.cpp">
      <Filter>Source Files\Library</Filter>
    </ClCompile>
    <ClCompile Include="FullScreenRenderTarget.cpp">
      <Filter>Source Files\Library</Filter>
    </ClCompile>
    <ClCompile Include="ColorShadePass.cpp">
      <Filter>Source Files\Program</Filter>
    </ClCompile>
    <ClCompile Include="Render.cpp">
      <Filter>Source Files\Program</Filter>
    </ClCompile>
    <ClCompile Include="MainScene.cpp">
      <Filter>Source Files\Program</Filter>
    </ClCompile>
    <ClCompile Include="PointLight.cpp">
      <Filter>Source Files</Filter>
    </ClCompile>
  </ItemGroup>
  <ItemGroup>
    <ClInclude Include="library\utility\Window.h">
      <Filter>Header Files</Filter>
    </ClInclude>
    <ClInclude Include="Library\VectorHelper.h">
      <Filter>Header Files</Filter>
    </ClInclude>
    <ClInclude Include="DrawableSceneComponent.h">
      <Filter>Header Files</Filter>
    </ClInclude>
    <ClInclude Include="GLObject.h">
      <Filter>Header Files</Filter>
    </ClInclude>
    <ClInclude Include="library\Scene.h">
      <Filter>Header Files</Filter>
    </ClInclude>
    <ClInclude Include="library\VBO.h">
      <Filter>Header Files</Filter>
    </ClInclude>
    <ClInclude Include="Render.h">
      <Filter>Header Files</Filter>
    </ClInclude>
    <ClInclude Include="Shader.h">
      <Filter>Header Files</Filter>
    </ClInclude>
    <ClInclude Include="ShaderProgram.h">
      <Filter>Header Files</Filter>
    </ClInclude>
    <ClInclude Include="triangle.h">
      <Filter>Header Files</Filter>
    </ClInclude>
    <ClInclude Include="VAO.h">
      <Filter>Header Files</Filter>
    </ClInclude>
    <ClInclude Include="GLSLuniform.h">
      <Filter>Header Files</Filter>
    </ClInclude>
    <ClInclude Include="Texture.h">
      <Filter>Header Files</Filter>
    </ClInclude>
    <ClInclude Include="FrameBuffer.h">
      <Filter>Header Files</Filter>
    </ClInclude>
    <ClInclude Include="Library\Model.h">
      <Filter>Header Files</Filter>
    </ClInclude>
    <ClInclude Include="Library\ColorHelper.h">
      <Filter>Header Files</Filter>
    </ClInclude>
    <ClInclude Include="Library\ModelMaterial.h">
      <Filter>Header Files</Filter>
    </ClInclude>
    <ClInclude Include="Library\Utility.h">
      <Filter>Header Files</Filter>
    </ClInclude>
    <ClInclude Include="Library\Mesh.h">
      <Filter>Header Files</Filter>
    </ClInclude>
    <ClInclude Include="GLMHelper.h">
      <Filter>Header Files</Filter>
    </ClInclude>
    <ClInclude Include="IBO.h">
      <Filter>Header Files</Filter>
    </ClInclude>
    <ClInclude Include="Library\Material.h">
      <Filter>Header Files</Filter>
    </ClInclude>
    <ClInclude Include="Library\Variable.h">
      <Filter>Header Files</Filter>
    </ClInclude>
    <ClInclude Include="Library\ShadePass.h">
      <Filter>Header Files</Filter>
    </ClInclude>
    <ClInclude Include="Attribute.h">
      <Filter>Header Files</Filter>
    </ClInclude>
    <ClInclude Include="Library\VertexDeclarations.h">
      <Filter>Header Files</Filter>
    </ClInclude>
    <ClInclude Include="Item.h">
      <Filter>Header Files</Filter>
    </ClInclude>
    <ClInclude Include="Library\SceneModel.h">
      <Filter>Header Files</Filter>
    </ClInclude>
    <ClInclude Include="TexturePack.h">
      <Filter>Header Files</Filter>
    </ClInclude>
    <ClInclude Include="ColorShader.h">
      <Filter>Header Files</Filter>
    </ClInclude>
    <ClInclude Include="Library\Camera.h">
      <Filter>Header Files</Filter>
    </ClInclude>
    <ClInclude Include="RenderTexture.h">
      <Filter>Header Files</Filter>
    </ClInclude>
    <ClInclude Include="FullScreenRenderTarget.h">
      <Filter>Header Files</Filter>
    </ClInclude>
    <ClInclude Include="MSAAShader.h">
      <Filter>Header Files</Filter>
    </ClInclude>
    <ClInclude Include="ColorShadePass.h">
      <Filter>Header Files</Filter>
    </ClInclude>
    <ClInclude Include="MainScene.h">
      <Filter>Header Files</Filter>
    </ClInclude>
    <ClInclude Include="PointLight.h">
      <Filter>Header Files</Filter>
    </ClInclude>
  </ItemGroup>
  <ItemGroup>
    <None Include="shader\sample.frag">
      <Filter>Source Files\shader</Filter>
    </None>
    <None Include="shader\sample.vert">
      <Filter>Source Files\shader</Filter>
    </None>
    <None Include="shader\color0.frag">
      <Filter>Source Files\shader</Filter>
    </None>
    <None Include="shader\color0.vert">
      <Filter>Source Files\shader</Filter>
    </None>
  </ItemGroup>
</Project>